Microsoft Visual Studio Solution File, Format Version 12.00
# Visual Studio Version 17
VisualStudioVersion = 17.5.2.0
MinimumVisualStudioVersion = 10.0.40219.1
Project("{FAE04EC0-301F-11D3-BF4B-00C04F79EFBC}") = "CPE_1", "CPE_1.csproj", "{756AE98A-18C9-FD51-BB1E-1D6D0D3A47DA}"
EndProject
Global
	GlobalSection(SolutionConfigurationPlatforms) = preSolution
		Debug|Any CPU = Debug|Any CPU
		Release|Any CPU = Release|Any CPU
	EndGlobalSection
	GlobalSection(ProjectConfigurationPlatforms) = postSolution
		{756AE98A-18C9-FD51-BB1E-1D6D0D3A47DA}.Debug|Any CPU.ActiveCfg = Debug|Any CPU
		{756AE98A-18C9-FD51-BB1E-1D6D0D3A47DA}.Debug|Any CPU.Build.0 = Debug|Any CPU
		{756AE98A-18C9-FD51-BB1E-1D6D0D3A47DA}.Release|Any CPU.ActiveCfg = Release|Any CPU
		{756AE98A-18C9-FD51-BB1E-1D6D0D3A47DA}.Release|Any CPU.Build.0 = Release|Any CPU
	EndGlobalSection
	GlobalSection(SolutionProperties) = preSolution
		HideSolutionNode = FALSE
	EndGlobalSection
	GlobalSection(ExtensibilityGlobals) = postSolution
		SolutionGuid = {8630670C-46D4-4527-8BA7-D7E52C531997}
	EndGlobalSection
EndGlobal
